
Microsoft Visual Studio Solution File, Format Version 12.00
# Visual Studio Version 16
VisualStudioVersion = 16.0.32002.261
MinimumVisualStudioVersion = 10.0.40219.1
Project("{FAE04EC0-301F-11D3-BF4B-00C04F79EFBC}") = "EasySwagger", "EasySwagger\EasySwagger.csproj", "{3EE91EFC-9B74-4EB6-8E6D-2F82EC018D0E}"
EndProject
Project("{FAE04EC0-301F-11D3-BF4B-00C04F79EFBC}") = "EasySwagger.APITest", "EasySwagger.APITest\EasySwagger.APITest.csproj", "{BAAD5ECC-D30C-4333-9E6D-0F9569CCA9F4}"
EndProject
Global
	GlobalSection(SolutionConfigurationPlatforms) = preSolution
		Debug|Any CPU = Debug|Any CPU
		Release|Any CPU = Release|Any CPU
	EndGlobalSection
	GlobalSection(ProjectConfigurationPlatforms) = postSolution
		{3EE91EFC-9B74-4EB6-8E6D-2F82EC018D0E}.Debug|Any CPU.ActiveCfg = Debug|Any CPU
		{3EE91EFC-9B74-4EB6-8E6D-2F82EC018D0E}.Debug|Any CPU.Build.0 = Debug|Any CPU
		{3EE91EFC-9B74-4EB6-8E6D-2F82EC018D0E}.Release|Any CPU.ActiveCfg = Release|Any CPU
		{3EE91EFC-9B74-4EB6-8E6D-2F82EC018D0E}.Release|Any CPU.Build.0 = Release|Any CPU
		{BAAD5ECC-D30C-4333-9E6D-0F9569CCA9F4}.Debug|Any CPU.ActiveCfg = Debug|Any CPU
		{BAAD5ECC-D30C-4333-9E6D-0F9569CCA9F4}.Debug|Any CPU.Build.0 = Debug|Any CPU
		{BAAD5ECC-D30C-4333-9E6D-0F9569CCA9F4}.Release|Any CPU.ActiveCfg = Release|Any CPU
		{BAAD5ECC-D30C-4333-9E6D-0F9569CCA9F4}.Release|Any CPU.Build.0 = Release|Any CPU
	EndGlobalSection
	GlobalSection(SolutionProperties) = preSolution
		HideSolutionNode = FALSE
	EndGlobalSection
	GlobalSection(ExtensibilityGlobals) = postSolution
		SolutionGuid = {FAFAB170-B723-468D-947A-E51309D9E1B2}
	EndGlobalSection
EndGlobal
